// !$*UTF8*$!
{
	archiveVersion = 1;
	classes = {
	};
	objectVersion = 46;
	objects = {

/* Begin PBXBuildFile section */
		DB32C49D1DD4668500B27E52 /* AppDelegate.swift in Sources */ = {isa = PBXBuildFile; fileRef = DB32C49C1DD4668500B27E52 /* AppDelegate.swift */; };
		DB32C49F1DD4668500B27E52 /* ViewController.swift in Sources */ = {isa = PBXBuildFile; fileRef = DB32C49E1DD4668500B27E52 /* ViewController.swift */; };
		DB32C4A41DD4668500B27E52 /* Assets.xcassets in Resources */ = {isa = PBXBuildFile; fileRef = DB32C4A31DD4668500B27E52 /* Assets.xcassets */; };
		DB32C4A71DD4668500B27E52 /* LaunchScreen.storyboard in Resources */ = {isa = PBXBuildFile; fileRef = DB32C4A51DD4668500B27E52 /* LaunchScreen.storyboard */; };
		DB32C4B11DD466DA00B27E52 /* MMNavigationController.swift in Sources */ = {isa = PBXBuildFile; fileRef = DB32C4AF1DD466DA00B27E52 /* MMNavigationController.swift */; };
		DB32C4B41DD46A8900B27E52 /* Screen.swift in Sources */ = {isa = PBXBuildFile; fileRef = DB32C4B31DD46A8900B27E52 /* Screen.swift */; };
		DB63BA9F1E967CBD00ED7C24 /* Namespace.swift in Sources */ = {isa = PBXBuildFile; fileRef = DB63BA9E1E967CBD00ED7C24 /* Namespace.swift */; };
		DBBECC0E1E9A6E8B006C2BD2 /* ViewControllerInjectBlockWrapper.swift in Sources */ = {isa = PBXBuildFile; fileRef = DBBECC0D1E9A6E8B006C2BD2 /* ViewControllerInjectBlockWrapper.swift */; };
		DBBECC101E9A6F9F006C2BD2 /* PopGestrueDelegateObject.swift in Sources */ = {isa = PBXBuildFile; fileRef = DBBECC0F1E9A6F9F006C2BD2 /* PopGestrueDelegateObject.swift */; };
		DBBECC121E9A6FE6006C2BD2 /* UIViewControllerExtension.swift in Sources */ = {isa = PBXBuildFile; fileRef = DBBECC111E9A6FE6006C2BD2 /* UIViewControllerExtension.swift */; };
/* End PBXBuildFile section */

/* Begin PBXFileReference section */
		DB32C4991DD4668500B27E52 /* MMNavigationController.app */ = {isa = PBXFileReference; explicitFileType = wrapper.application; includeInIndex = 0; path = MMNavigationController.app; sourceTree = BUILT_PRODUCTS_DIR; };
		DB32C49C1DD4668500B27E52 /* AppDelegate.swift */ = {isa = PBXFileReference; lastKnownFileType = sourcecode.swift; path = AppDelegate.swift; sourceTree = "<group>"; };
		DB32C49E1DD4668500B27E52 /* ViewController.swift */ = {isa = PBXFileReference; lastKnownFileType = sourcecode.swift; path = ViewController.swift; sourceTree = "<group>"; };
		DB32C4A31DD4668500B27E52 /* Assets.xcassets */ = {isa = PBXFileReference; lastKnownFileType = folder.assetcatalog; path = Assets.xcassets; sourceTree = "<group>"; };
		DB32C4A61DD4668500B27E52 /* Base */ = {isa = PBXFileReference; lastKnownFileType = file.storyboard; name = Base; path = Base.lproj/LaunchScreen.storyboard; sourceTree = "<group>"; };
		DB32C4A81DD4668500B27E52 /* Info.plist */ = {isa = PBXFileReference; lastKnownFileType = text.plist.xml; path = Info.plist; sourceTree = "<group>"; };
		DB32C4AF1DD466DA00B27E52 /* MMNavigationController.swift */ = {isa = PBXFileReference; fileEncoding = 4; lastKnownFileType = sourcecode.swift; path = MMNavigationController.swift; sourceTree = "<group>"; };
		DB32C4B31DD46A8900B27E52 /* Screen.swift */ = {isa = PBXFileReference; fileEncoding = 4; lastKnownFileType = sourcecode.swift; path = Screen.swift; sourceTree = "<group>"; };
		DB63BA9E1E967CBD00ED7C24 /* Namespace.swift */ = {isa = PBXFileReference; fileEncoding = 4; lastKnownFileType = sourcecode.swift; path = Namespace.swift; sourceTree = "<group>"; };
		DBBECC0D1E9A6E8B006C2BD2 /* ViewControllerInjectBlockWrapper.swift */ = {isa = PBXFileReference; fileEncoding = 4; lastKnownFileType = sourcecode.swift; path = ViewControllerInjectBlockWrapper.swift; sourceTree = "<group>"; };
		DBBECC0F1E9A6F9F006C2BD2 /* PopGestrueDelegateObject.swift */ = {isa = PBXFileReference; fileEncoding = 4; lastKnownFileType = sourcecode.swift; path = PopGestrueDelegateObject.swift; sourceTree = "<group>"; };
		DBBECC111E9A6FE6006C2BD2 /* UIViewControllerExtension.swift */ = {isa = PBXFileReference; fileEncoding = 4; lastKnownFileType = sourcecode.swift; path = UIViewControllerExtension.swift; sourceTree = "<group>"; };
/* End PBXFileReference section */

/* Begin PBXFrameworksBuildPhase section */
		DB32C4961DD4668500B27E52 /* Frameworks */ = {
			isa = PBXFrameworksBuildPhase;
			buildActionMask = 2147483647;
			files = (
			);
			runOnlyForDeploymentPostprocessing = 0;
		};
/* End PBXFrameworksBuildPhase section */

/* Begin PBXGroup section */
		DB32C4901DD4668500B27E52 = {
			isa = PBXGroup;
			children = (
				DB32C49B1DD4668500B27E52 /* MMNavigationController */,
				DB32C49A1DD4668500B27E52 /* Products */,
			);
			sourceTree = "<group>";
		};
		DB32C49A1DD4668500B27E52 /* Products */ = {
			isa = PBXGroup;
			children = (
				DB32C4991DD4668500B27E52 /* MMNavigationController.app */,
			);
			name = Products;
			sourceTree = "<group>";
		};
		DB32C49B1DD4668500B27E52 /* MMNavigationController */ = {
			isa = PBXGroup;
			children = (
				DB32C4AE1DD466A200B27E52 /* Source */,
				DB32C49C1DD4668500B27E52 /* AppDelegate.swift */,
				DB32C49E1DD4668500B27E52 /* ViewController.swift */,
				DB32C4B31DD46A8900B27E52 /* Screen.swift */,
				DB32C4A31DD4668500B27E52 /* Assets.xcassets */,
				DB32C4A51DD4668500B27E52 /* LaunchScreen.storyboard */,
				DB32C4A81DD4668500B27E52 /* Info.plist */,
			);
			path = MMNavigationController;
			sourceTree = "<group>";
		};
		DB32C4AE1DD466A200B27E52 /* Source */ = {
			isa = PBXGroup;
			children = (
				DB32C4AF1DD466DA00B27E52 /* MMNavigationController.swift */,
				DBBECC0F1E9A6F9F006C2BD2 /* PopGestrueDelegateObject.swift */,
				DB63BA9E1E967CBD00ED7C24 /* Namespace.swift */,
				DBBECC0D1E9A6E8B006C2BD2 /* ViewControllerInjectBlockWrapper.swift */,
				DBBECC111E9A6FE6006C2BD2 /* UIViewControllerExtension.swift */,
			);
			path = Source;
			sourceTree = "<group>";
		};
/* End PBXGroup section */

/* Begin PBXNativeTarget section */
		DB32C4981DD4668500B27E52 /* MMNavigationController */ = {
			isa = PBXNativeTarget;
			buildConfigurationList = DB32C4AB1DD4668500B27E52 /* Build configuration list for PBXNativeTarget "MMNavigationController" */;
			buildPhases = (
				DB32C4951DD4668500B27E52 /* Sources */,
				DB32C4961DD4668500B27E52 /* Frameworks */,
				DB32C4971DD4668500B27E52 /* Resources */,
			);
			buildRules = (
			);
			dependencies = (
			);
			name = MMNavigationController;
			productName = MMNavigationController;
			productReference = DB32C4991DD4668500B27E52 /* MMNavigationController.app */;
			productType = "com.apple.product-type.application";
		};
/* End PBXNativeTarget section */

/* Begin PBXProject section */
		DB32C4911DD4668500B27E52 /* Project object */ = {
			isa = PBXProject;
			attributes = {
				LastSwiftUpdateCheck = 0810;
				LastUpgradeCheck = 0830;
				ORGANIZATIONNAME = MangoMade;
				TargetAttributes = {
					DB32C4981DD4668500B27E52 = {
						CreatedOnToolsVersion = 8.1;
						DevelopmentTeam = SXRTDM2GE2;
						LastSwiftMigration = 0820;
						ProvisioningStyle = Automatic;
					};
				};
			};
			buildConfigurationList = DB32C4941DD4668500B27E52 /* Build configuration list for PBXProject "MMNavigationController" */;
			compatibilityVersion = "Xcode 3.2";
			developmentRegion = English;
			hasScannedForEncodings = 0;
			knownRegions = (
				en,
				Base,
			);
			mainGroup = DB32C4901DD4668500B27E52;
			productRefGroup = DB32C49A1DD4668500B27E52 /* Products */;
			projectDirPath = "";
			projectRoot = "";
			targets = (
				DB32C4981DD4668500B27E52 /* MMNavigationController */,
			);
		};
/* End PBXProject section */

/* Begin PBXResourcesBuildPhase section */
		DB32C4971DD4668500B27E52 /* Resources */ = {
			isa = PBXResourcesBuildPhase;
			buildActionMask = 2147483647;
			files = (
				DB32C4A71DD4668500B27E52 /* LaunchScreen.storyboard in Resources */,
				DB32C4A41DD4668500B27E52 /* Assets.xcassets in Resources */,
			);
			runOnlyForDeploymentPostprocessing = 0;
		};
/* End PBXResourcesBuildPhase section */

/* Begin PBXSourcesBuildPhase section */
		DB32C4951DD4668500B27E52 /* Sources */ = {
			isa = PBXSourcesBuildPhase;
			buildActionMask = 2147483647;
			files = (
				DB32C4B41DD46A8900B27E52 /* Screen.swift in Sources */,
				DBBECC0E1E9A6E8B006C2BD2 /* ViewControllerInjectBlockWrapper.swift in Sources */,
				DB32C49F1DD4668500B27E52 /* ViewController.swift in Sources */,
				DBBECC101E9A6F9F006C2BD2 /* PopGestrueDelegateObject.swift in Sources */,
				DBBECC121E9A6FE6006C2BD2 /* UIViewControllerExtension.swift in Sources */,
				DB32C4B11DD466DA00B27E52 /* MMNavigationController.swift in Sources */,
				DB63BA9F1E967CBD00ED7C24 /* Namespace.swift in Sources */,
				DB32C49D1DD4668500B27E52 /* AppDelegate.swift in Sources */,
			);
			runOnlyForDeploymentPostprocessing = 0;
		};
/* End PBXSourcesBuildPhase section */

/* Begin PBXVariantGroup section */
		DB32C4A51DD4668500B27E52 /* LaunchScreen.storyboard */ = {
			isa = PBXVariantGroup;
			children = (
				DB32C4A61DD4668500B27E52 /* Base */,
			);
			name = LaunchScreen.storyboard;
			sourceTree = "<group>";
		};
/* End PBXVariantGroup section */

/* Begin XCBuildConfiguration section */
		DB32C4A91DD4668500B27E52 /* Debug */ = {
			isa = XCBuildConfiguration;
			buildSettings = {
				ALWAYS_SEARCH_USER_PATHS = NO;
				CLANG_ANALYZER_NONNULL = YES;
				CLANG_CXX_LANGUAGE_STANDARD = "gnu++0x";
				CLANG_CXX_LIBRARY = "libc++";
				CLANG_ENABLE_MODULES = YES;
				CLANG_ENABLE_OBJC_ARC = YES;
				CLANG_WARN_BOOL_CONVERSION = YES;
				CLANG_WARN_CONSTANT_CONVERSION = YES;
				CLANG_WARN_DIRECT_OBJC_ISA_USAGE = YES_ERROR;
				CLANG_WARN_DOCUMENTATION_COMMENTS = YES;
				CLANG_WARN_EMPTY_BODY = YES;
				CLANG_WARN_ENUM_CONVERSION = YES;
				CLANG_WARN_INFINITE_RECURSION = YES;
				CLANG_WARN_INT_CONVERSION = YES;
				CLANG_WARN_OBJC_ROOT_CLASS = YES_ERROR;
				CLANG_WARN_SUSPICIOUS_MOVE = YES;
				CLANG_WARN_SUSPICIOUS_MOVES = YES;
				CLANG_WARN_UNREACHABLE_CODE = YES;
				CLANG_WARN__DUPLICATE_METHOD_MATCH = YES;
				"CODE_SIGN_IDENTITY[sdk=iphoneos*]" = "iPhone Developer";
				COPY_PHASE_STRIP = NO;
				DEBUG_INFORMATION_FORMAT = dwarf;
				ENABLE_STRICT_OBJC_MSGSEND = YES;
				ENABLE_TESTABILITY = YES;
				GCC_C_LANGUAGE_STANDARD = gnu99;
				GCC_DYNAMIC_NO_PIC = NO;
				GCC_NO_COMMON_BLOCKS = YES;
				GCC_OPTIMIZATION_LEVEL = 0;
				GCC_PREPROCESSOR_DEFINITIONS = (
					"DEBUG=1",
					"$(inherited)",
				);
				GCC_WARN_64_TO_32_BIT_CONVERSION = YES;
				GCC_WARN_ABOUT_RETURN_TYPE = YES_ERROR;
				GCC_WARN_UNDECLARED_SELECTOR = YES;
				GCC_WARN_UNINITIALIZED_AUTOS = YES_AGGRESSIVE;
				GCC_WARN_UNUSED_FUNCTION = YES;
				GCC_WARN_UNUSED_VARIABLE = YES;
				IPHONEOS_DEPLOYMENT_TARGET = 8.0;
				MTL_ENABLE_DEBUG_INFO = YES;
				ONLY_ACTIVE_ARCH = YES;
				SDKROOT = iphoneos;
				SWIFT_ACTIVE_COMPILATION_CONDITIONS = DEBUG;
				SWIFT_OPTIMIZATION_LEVEL = "-Onone";
				SWIFT_VERSION = 3.0;
				TARGETED_DEVICE_FAMILY = "1,2";
			};
			name = Debug;
		};
		DB32C4AA1DD4668500B27E52 /* Release */ = {
			isa = XCBuildConfiguration;
			buildSettings = {
				ALWAYS_SEARCH_USER_PATHS = NO;
				CLANG_ANALYZER_NONNULL = YES;
				CLANG_CXX_LANGUAGE_STANDARD = "gnu++0x";
				CLANG_CXX_LIBRARY = "libc++";
				CLANG_ENABLE_MODULES = YES;
				CLANG_ENABLE_OBJC_ARC = YES;
				CLANG_WARN_BOOL_CONVERSION = YES;
				CLANG_WARN_CONSTANT_CONVERSION = YES;
				CLANG_WARN_DIRECT_OBJC_ISA_USAGE = YES_ERROR;
				CLANG_WARN_DOCUMENTATION_COMMENTS = YES;
				CLANG_WARN_EMPTY_BODY = YES;
				CLANG_WARN_ENUM_CONVERSION = YES;
				CLANG_WARN_INFINITE_RECURSION = YES;
				CLANG_WARN_INT_CONVERSION = YES;
				CLANG_WARN_OBJC_ROOT_CLASS = YES_ERROR;
				CLANG_WARN_SUSPICIOUS_MOVE = YES;
				CLANG_WARN_SUSPICIOUS_MOVES = YES;
				CLANG_WARN_UNREACHABLE_CODE = YES;
				CLANG_WARN__DUPLICATE_METHOD_MATCH = YES;
				"CODE_SIGN_IDENTITY[sdk=iphoneos*]" = "iPhone Developer";
				COPY_PHASE_STRIP = NO;
				DEBUG_INFORMATION_FORMAT = "dwarf-with-dsym";
				ENABLE_NS_ASSERTIONS = NO;
				ENABLE_STRICT_OBJC_MSGSEND = YES;
				GCC_C_LANGUAGE_STANDARD = gnu99;
				GCC_NO_COMMON_BLOCKS = YES;
				GCC_WARN_64_TO_32_BIT_CONVERSION = YES;
				GCC_WARN_ABOUT_RETURN_TYPE = YES_ERROR;
				GCC_WARN_UNDECLARED_SELECTOR = YES;
				GCC_WARN_UNINITIALIZED_AUTOS = YES_AGGRESSIVE;
				GCC_WARN_UNUSED_FUNCTION = YES;
				GCC_WARN_UNUSED_VARIABLE = YES;
				IPHONEOS_DEPLOYMENT_TARGET = 8.0;
				MTL_ENABLE_DEBUG_INFO = NO;
				SDKROOT = iphoneos;
				SWIFT_OPTIMIZATION_LEVEL = "-Owholemodule";
				SWIFT_VERSION = 3.0;
				TARGETED_DEVICE_FAMILY = "1,2";
				VALIDATE_PRODUCT = YES;
			};
			name = Release;
		};
		DB32C4AC1DD4668500B27E52 /* Debug */ = {
			isa = XCBuildConfiguration;
			buildSettings = {
				ASSETCATALOG_COMPILER_APPICON_NAME = AppIcon;
				DEVELOPMENT_TEAM = SXRTDM2GE2;
				INFOPLIST_FILE = MMNavigationController/Info.plist;
				LD_RUNPATH_SEARCH_PATHS = "$(inherited) @executable_path/Frameworks";
				PRODUCT_BUNDLE_IDENTIFIER = MangoMade.MMNavigationController;
				PRODUCT_NAME = "$(TARGET_NAME)";
				SWIFT_VERSION = 3.0;
			};
			name = Debug;
		};
		DB32C4AD1DD4668500B27E52 /* Release */ = {
			isa = XCBuildConfiguration;
			buildSettings = {
				ASSETCATALOG_COMPILER_APPICON_NAME = AppIcon;
				DEVELOPMENT_TEAM = SXRTDM2GE2;
				INFOPLIST_FILE = MMNavigationController/Info.plist;
				LD_RUNPATH_SEARCH_PATHS = "$(inherited) @executable_path/Frameworks";
				PRODUCT_BUNDLE_IDENTIFIER = MangoMade.MMNavigationController;
				PRODUCT_NAME = "$(TARGET_NAME)";
				SWIFT_VERSION = 3.0;
			};
			name = Release;
		};
/* End XCBuildConfiguration section */

/* Begin XCConfigurationList section */
		DB32C4941DD4668500B27E52 /* Build configuration list for PBXProject "MMNavigationController" */ = {
			isa = XCConfigurationList;
			buildConfigurations = (
				DB32C4A91DD4668500B27E52 /* Debug */,
				DB32C4AA1DD4668500B27E52 /* Release */,
			);
			defaultConfigurationIsVisible = 0;
			defaultConfigurationName = Release;
		};
		DB32C4AB1DD4668500B27E52 /* Build configuration list for PBXNativeTarget "MMNavigationController" */ = {
			isa = XCConfigurationList;
			buildConfigurations = (
				DB32C4AC1DD4668500B27E52 /* Debug */,
				DB32C4AD1DD4668500B27E52 /* Release */,
			);
			defaultConfigurationIsVisible = 0;
			defaultConfigurationName = Release;
		};
/* End XCConfigurationList section */
	};
	rootObject = DB32C4911DD4668500B27E52 /* Project object */;
}
